// !$*UTF8*$!
{
	archiveVersion = 1;
	classes = {
	};
	objectVersion = 77;
	objects = {

/* Begin PBXBuildFile section */
		6693BD8E2D45341700401A3D /* CalendarCore in Frameworks */ = {isa = PBXBuildFile; productRef = 6693BD8D2D45341700401A3D /* CalendarCore */; };
		6693BD902D45341700401A3D /* CalendarDomain in Frameworks */ = {isa = PBXBuildFile; productRef = 6693BD8F2D45341700401A3D /* CalendarDomain */; };
		6693BD922D45341700401A3D /* CalendarNetwork in Frameworks */ = {isa = PBXBuildFile; productRef = 6693BD912D45341700401A3D /* CalendarNetwork */; };
/* End PBXBuildFile section */

/* Begin PBXContainerItemProxy section */
		6693BD6F2D4533A400401A3D /* PBXContainerItemProxy */ = {
			isa = PBXContainerItemProxy;
			containerPortal = 6693BD562D4533A300401A3D /* Project object */;
			proxyType = 1;
			remoteGlobalIDString = 6693BD5D2D4533A300401A3D;
			remoteInfo = calendar;
		};
		6693BD792D4533A500401A3D /* PBXContainerItemProxy */ = {
			isa = PBXContainerItemProxy;
			containerPortal = 6693BD562D4533A300401A3D /* Project object */;
			proxyType = 1;
			remoteGlobalIDString = 6693BD5D2D4533A300401A3D;
			remoteInfo = calendar;
		};
/* End PBXContainerItemProxy section */

/* Begin PBXFileReference section */
		6693BD5E2D4533A300401A3D /* calendar.app */ = {isa = PBXFileReference; explicitFileType = wrapper.application; includeInIndex = 0; path = calendar.app; sourceTree = BUILT_PRODUCTS_DIR; };
		6693BD6E2D4533A400401A3D /* calendarTests.xctest */ = {isa = PBXFileReference; explicitFileType = wrapper.cfbundle; includeInIndex = 0; path = calendarTests.xctest; sourceTree = BUILT_PRODUCTS_DIR; };
		6693BD782D4533A500401A3D /* calendarUITests.xctest */ = {isa = PBXFileReference; explicitFileType = wrapper.cfbundle; includeInIndex = 0; path = calendarUITests.xctest; sourceTree = BUILT_PRODUCTS_DIR; };
		6693BD8B2D4533BB00401A3D /* Modules */ = {isa = PBXFileReference; lastKnownFileType = wrapper; name = Modules; path = ../Modules; sourceTree = SOURCE_ROOT; };
/* End PBXFileReference section */

/* Begin PBXFileSystemSynchronizedRootGroup section */
		6693BD602D4533A300401A3D /* calendar */ = {
			isa = PBXFileSystemSynchronizedRootGroup;
			path = calendar;
			sourceTree = "<group>";
		};
		6693BD712D4533A400401A3D /* calendarTests */ = {
			isa = PBXFileSystemSynchronizedRootGroup;
			path = calendarTests;
			sourceTree = "<group>";
		};
		6693BD7B2D4533A500401A3D /* calendarUITests */ = {
			isa = PBXFileSystemSynchronizedRootGroup;
			path = calendarUITests;
			sourceTree = "<group>";
		};
/* End PBXFileSystemSynchronizedRootGroup section */

/* Begin PBXFrameworksBuildPhase section */
		6693BD5B2D4533A300401A3D /* Frameworks */ = {
			isa = PBXFrameworksBuildPhase;
			buildActionMask = 2147483647;
			files = (
				6693BD902D45341700401A3D /* CalendarDomain in Frameworks */,
				6693BD8E2D45341700401A3D /* CalendarCore in Frameworks */,
				6693BD922D45341700401A3D /* CalendarNetwork in Frameworks */,
			);
			runOnlyForDeploymentPostprocessing = 0;
		};
		6693BD6B2D4533A400401A3D /* Frameworks */ = {
			isa = PBXFrameworksBuildPhase;
			buildActionMask = 2147483647;
			files = (
			);
			runOnlyForDeploymentPostprocessing = 0;
		};
		6693BD752D4533A500401A3D /* Frameworks */ = {
			isa = PBXFrameworksBuildPhase;
			buildActionMask = 2147483647;
			files = (
			);
			runOnlyForDeploymentPostprocessing = 0;
		};
/* End PBXFrameworksBuildPhase section */

/* Begin PBXGroup section */
		6693BD552D4533A300401A3D = {
			isa = PBXGroup;
			children = (
				6693BD8B2D4533BB00401A3D /* Modules */,
				6693BD602D4533A300401A3D /* calendar */,
				6693BD712D4533A400401A3D /* calendarTests */,
				6693BD7B2D4533A500401A3D /* calendarUITests */,
				6693BD8C2D45341700401A3D /* Frameworks */,
				6693BD5F2D4533A300401A3D /* Products */,
			);
			sourceTree = "<group>";
		};
		6693BD5F2D4533A300401A3D /* Products */ = {
			isa = PBXGroup;
			children = (
				6693BD5E2D4533A300401A3D /* calendar.app */,
				6693BD6E2D4533A400401A3D /* calendarTests.xctest */,
				6693BD782D4533A500401A3D /* calendarUITests.xctest */,
			);
			name = Products;
			sourceTree = "<group>";
		};
		6693BD8C2D45341700401A3D /* Frameworks */ = {
			isa = PBXGroup;
			children = (
			);
			name = Frameworks;
			sourceTree = "<group>";
		};
/* End PBXGroup section */

/* Begin PBXNativeTarget section */
		6693BD5D2D4533A300401A3D /* calendar */ = {
			isa = PBXNativeTarget;
			buildConfigurationList = 6693BD822D4533A500401A3D /* Build configuration list for PBXNativeTarget "calendar" */;
			buildPhases = (
				6693BD5A2D4533A300401A3D /* Sources */,
				6693BD5B2D4533A300401A3D /* Frameworks */,
				6693BD5C2D4533A300401A3D /* Resources */,
			);
			buildRules = (
			);
			dependencies = (
			);
			fileSystemSynchronizedGroups = (
				6693BD602D4533A300401A3D /* calendar */,
			);
			name = calendar;
			packageProductDependencies = (
				6693BD8D2D45341700401A3D /* CalendarCore */,
				6693BD8F2D45341700401A3D /* CalendarDomain */,
				6693BD912D45341700401A3D /* CalendarNetwork */,
			);
			productName = calendar;
			productReference = 6693BD5E2D4533A300401A3D /* calendar.app */;
			productType = "com.apple.product-type.application";
		};
		6693BD6D2D4533A400401A3D /* calendarTests */ = {
			isa = PBXNativeTarget;
			buildConfigurationList = 6693BD852D4533A500401A3D /* Build configuration list for PBXNativeTarget "calendarTests" */;
			buildPhases = (
				6693BD6A2D4533A400401A3D /* Sources */,
				6693BD6B2D4533A400401A3D /* Frameworks */,
				6693BD6C2D4533A400401A3D /* Resources */,
			);
			buildRules = (
			);
			dependencies = (
				6693BD702D4533A400401A3D /* PBXTargetDependency */,
			);
			fileSystemSynchronizedGroups = (
				6693BD712D4533A400401A3D /* calendarTests */,
			);
			name = calendarTests;
			packageProductDependencies = (
			);
			productName = calendarTests;
			productReference = 6693BD6E2D4533A400401A3D /* calendarTests.xctest */;
			productType = "com.apple.product-type.bundle.unit-test";
		};
		6693BD772D4533A500401A3D /* calendarUITests */ = {
			isa = PBXNativeTarget;
			buildConfigurationList = 6693BD882D4533A500401A3D /* Build configuration list for PBXNativeTarget "calendarUITests" */;
			buildPhases = (
				6693BD742D4533A500401A3D /* Sources */,
				6693BD752D4533A500401A3D /* Frameworks */,
				6693BD762D4533A500401A3D /* Resources */,
			);
			buildRules = (
			);
			dependencies = (
				6693BD7A2D4533A500401A3D /* PBXTargetDependency */,
			);
			fileSystemSynchronizedGroups = (
				6693BD7B2D4533A500401A3D /* calendarUITests */,
			);
			name = calendarUITests;
			packageProductDependencies = (
			);
			productName = calendarUITests;
			productReference = 6693BD782D4533A500401A3D /* calendarUITests.xctest */;
			productType = "com.apple.product-type.bundle.ui-testing";
		};
/* End PBXNativeTarget section */

/* Begin PBXProject section */
		6693BD562D4533A300401A3D /* Project object */ = {
			isa = PBXProject;
			attributes = {
				BuildIndependentTargetsInParallel = 1;
				LastSwiftUpdateCheck = 1600;
				LastUpgradeCheck = 1600;
				TargetAttributes = {
					6693BD5D2D4533A300401A3D = {
						CreatedOnToolsVersion = 16.0;
					};
					6693BD6D2D4533A400401A3D = {
						CreatedOnToolsVersion = 16.0;
						TestTargetID = 6693BD5D2D4533A300401A3D;
					};
					6693BD772D4533A500401A3D = {
						CreatedOnToolsVersion = 16.0;
						TestTargetID = 6693BD5D2D4533A300401A3D;
					};
				};
			};
			buildConfigurationList = 6693BD592D4533A300401A3D /* Build configuration list for PBXProject "calendar" */;
			developmentRegion = en;
			hasScannedForEncodings = 0;
			knownRegions = (
				en,
				Base,
			);
			mainGroup = 6693BD552D4533A300401A3D;
			minimizedProjectReferenceProxies = 1;
			preferredProjectObjectVersion = 77;
			productRefGroup = 6693BD5F2D4533A300401A3D /* Products */;
			projectDirPath = "";
			projectRoot = "";
			targets = (
				6693BD5D2D4533A300401A3D /* calendar */,
				6693BD6D2D4533A400401A3D /* calendarTests */,
				6693BD772D4533A500401A3D /* calendarUITests */,
			);
		};
/* End PBXProject section */

/* Begin PBXResourcesBuildPhase section */
		6693BD5C2D4533A300401A3D /* Resources */ = {
			isa = PBXResourcesBuildPhase;
			buildActionMask = 2147483647;
			files = (
			);
			runOnlyForDeploymentPostprocessing = 0;
		};
		6693BD6C2D4533A400401A3D /* Resources */ = {
			isa = PBXResourcesBuildPhase;
			buildActionMask = 2147483647;
			files = (
			);
			runOnlyForDeploymentPostprocessing = 0;
		};
		6693BD762D4533A500401A3D /* Resources */ = {
			isa = PBXResourcesBuildPhase;
			buildActionMask = 2147483647;
			files = (
			);
			runOnlyForDeploymentPostprocessing = 0;
		};
/* End PBXResourcesBuildPhase section */

/* Begin PBXSourcesBuildPhase section */
		6693BD5A2D4533A300401A3D /* Sources */ = {
			isa = PBXSourcesBuildPhase;
			buildActionMask = 2147483647;
			files = (
			);
			runOnlyForDeploymentPostprocessing = 0;
		};
		6693BD6A2D4533A400401A3D /* Sources */ = {
			isa = PBXSourcesBuildPhase;
			buildActionMask = 2147483647;
			files = (
			);
			runOnlyForDeploymentPostprocessing = 0;
		};
		6693BD742D4533A500401A3D /* Sources */ = {
			isa = PBXSourcesBuildPhase;
			buildActionMask = 2147483647;
			files = (
			);
			runOnlyForDeploymentPostprocessing = 0;
		};
/* End PBXSourcesBuildPhase section */

/* Begin PBXTargetDependency section */
		6693BD702D4533A400401A3D /* PBXTargetDependency */ = {
			isa = PBXTargetDependency;
			target = 6693BD5D2D4533A300401A3D /* calendar */;
			targetProxy = 6693BD6F2D4533A400401A3D /* PBXContainerItemProxy */;
		};
		6693BD7A2D4533A500401A3D /* PBXTargetDependency */ = {
			isa = PBXTargetDependency;
			target = 6693BD5D2D4533A300401A3D /* calendar */;
			targetProxy = 6693BD792D4533A500401A3D /* PBXContainerItemProxy */;
		};
/* End PBXTargetDependency section */

/* Begin XCBuildConfiguration section */
		6693BD802D4533A500401A3D /* Debug */ = {
			isa = XCBuildConfiguration;
			buildSettings = {
				ALWAYS_SEARCH_USER_PATHS = NO;
				ASSETCATALOG_COMPILER_GENERATE_SWIFT_ASSET_SYMBOL_EXTENSIONS = YES;
				CLANG_ANALYZER_NONNULL = YES;
				CLANG_ANALYZER_NUMBER_OBJECT_CONVERSION = YES_AGGRESSIVE;
				CLANG_CXX_LANGUAGE_STANDARD = "gnu++20";
				CLANG_ENABLE_MODULES = YES;
				CLANG_ENABLE_OBJC_ARC = YES;
				CLANG_ENABLE_OBJC_WEAK = YES;
				CLANG_WARN_BLOCK_CAPTURE_AUTORELEASING = YES;
				CLANG_WARN_BOOL_CONVERSION = YES;
				CLANG_WARN_COMMA = YES;
				CLANG_WARN_CONSTANT_CONVERSION = YES;
				CLANG_WARN_DEPRECATED_OBJC_IMPLEMENTATIONS = YES;
				CLANG_WARN_DIRECT_OBJC_ISA_USAGE = YES_ERROR;
				CLANG_WARN_DOCUMENTATION_COMMENTS = YES;
				CLANG_WARN_EMPTY_BODY = YES;
				CLANG_WARN_ENUM_CONVERSION = YES;
				CLANG_WARN_INFINITE_RECURSION = YES;
				CLANG_WARN_INT_CONVERSION = YES;
				CLANG_WARN_NON_LITERAL_NULL_CONVERSION = YES;
				CLANG_WARN_OBJC_IMPLICIT_RETAIN_SELF = YES;
				CLANG_WARN_OBJC_LITERAL_CONVERSION = YES;
				CLANG_WARN_OBJC_ROOT_CLASS = YES_ERROR;
				CLANG_WARN_QUOTED_INCLUDE_IN_FRAMEWORK_HEADER = YES;
				CLANG_WARN_RANGE_LOOP_ANALYSIS = YES;
				CLANG_WARN_STRICT_PROTOTYPES = YES;
				CLANG_WARN_SUSPICIOUS_MOVE = YES;
				CLANG_WARN_UNGUARDED_AVAILABILITY = YES_AGGRESSIVE;
				CLANG_WARN_UNREACHABLE_CODE = YES;
				CLANG_WARN__DUPLICATE_METHOD_MATCH = YES;
				COPY_PHASE_STRIP = NO;
				DEBUG_INFORMATION_FORMAT = dwarf;
				ENABLE_STRICT_OBJC_MSGSEND = YES;
				ENABLE_TESTABILITY = YES;
				ENABLE_USER_SCRIPT_SANDBOXING = YES;
				GCC_C_LANGUAGE_STANDARD = gnu17;
				GCC_DYNAMIC_NO_PIC = NO;
				GCC_NO_COMMON_BLOCKS = YES;
				GCC_OPTIMIZATION_LEVEL = 0;
				GCC_PREPROCESSOR_DEFINITIONS = (
					"DEBUG=1",
					"$(inherited)",
				);
				GCC_WARN_64_TO_32_BIT_CONVERSION = YES;
				GCC_WARN_ABOUT_RETURN_TYPE = YES_ERROR;
				GCC_WARN_UNDECLARED_SELECTOR = YES;
				GCC_WARN_UNINITIALIZED_AUTOS = YES_AGGRESSIVE;
				GCC_WARN_UNUSED_FUNCTION = YES;
				GCC_WARN_UNUSED_VARIABLE = YES;
				IPHONEOS_DEPLOYMENT_TARGET = 18.0;
				LOCALIZATION_PREFERS_STRING_CATALOGS = YES;
				MTL_ENABLE_DEBUG_INFO = INCLUDE_SOURCE;
				MTL_FAST_MATH = YES;
				ONLY_ACTIVE_ARCH = YES;
				SDKROOT = iphoneos;
				SWIFT_ACTIVE_COMPILATION_CONDITIONS = "DEBUG $(inherited)";
				SWIFT_OPTIMIZATION_LEVEL = "-Onone";
			};
			name = Debug;
		};
		6693BD812D4533A500401A3D /* Release */ = {
			isa = XCBuildConfiguration;
			buildSettings = {
				ALWAYS_SEARCH_USER_PATHS = NO;
				ASSETCATALOG_COMPILER_GENERATE_SWIFT_ASSET_SYMBOL_EXTENSIONS = YES;
				CLANG_ANALYZER_NONNULL = YES;
				CLANG_ANALYZER_NUMBER_OBJECT_CONVERSION = YES_AGGRESSIVE;
				CLANG_CXX_LANGUAGE_STANDARD = "gnu++20";
				CLANG_ENABLE_MODULES = YES;
				CLANG_ENABLE_OBJC_ARC = YES;
				CLANG_ENABLE_OBJC_WEAK = YES;
				CLANG_WARN_BLOCK_CAPTURE_AUTORELEASING = YES;
				CLANG_WARN_BOOL_CONVERSION = YES;
				CLANG_WARN_COMMA = YES;
				CLANG_WARN_CONSTANT_CONVERSION = YES;
				CLANG_WARN_DEPRECATED_OBJC_IMPLEMENTATIONS = YES;
				CLANG_WARN_DIRECT_OBJC_ISA_USAGE = YES_ERROR;
				CLANG_WARN_DOCUMENTATION_COMMENTS = YES;
				CLANG_WARN_EMPTY_BODY = YES;
				CLANG_WARN_ENUM_CONVERSION = YES;
				CLANG_WARN_INFINITE_RECURSION = YES;
				CLANG_WARN_INT_CONVERSION = YES;
				CLANG_WARN_NON_LITERAL_NULL_CONVERSION = YES;
				CLANG_WARN_OBJC_IMPLICIT_RETAIN_SELF = YES;
				CLANG_WARN_OBJC_LITERAL_CONVERSION = YES;
				CLANG_WARN_OBJC_ROOT_CLASS = YES_ERROR;
				CLANG_WARN_QUOTED_INCLUDE_IN_FRAMEWORK_HEADER = YES;
				CLANG_WARN_RANGE_LOOP_ANALYSIS = YES;
				CLANG_WARN_STRICT_PROTOTYPES = YES;
				CLANG_WARN_SUSPICIOUS_MOVE = YES;
				CLANG_WARN_UNGUARDED_AVAILABILITY = YES_AGGRESSIVE;
				CLANG_WARN_UNREACHABLE_CODE = YES;
				CLANG_WARN__DUPLICATE_METHOD_MATCH = YES;
				COPY_PHASE_STRIP = NO;
				DEBUG_INFORMATION_FORMAT = "dwarf-with-dsym";
				ENABLE_NS_ASSERTIONS = NO;
				ENABLE_STRICT_OBJC_MSGSEND = YES;
				ENABLE_USER_SCRIPT_SANDBOXING = YES;
				GCC_C_LANGUAGE_STANDARD = gnu17;
				GCC_NO_COMMON_BLOCKS = YES;
				GCC_WARN_64_TO_32_BIT_CONVERSION = YES;
				GCC_WARN_ABOUT_RETURN_TYPE = YES_ERROR;
				GCC_WARN_UNDECLARED_SELECTOR = YES;
				GCC_WARN_UNINITIALIZED_AUTOS = YES_AGGRESSIVE;
				GCC_WARN_UNUSED_FUNCTION = YES;
				GCC_WARN_UNUSED_VARIABLE = YES;
				IPHONEOS_DEPLOYMENT_TARGET = 18.0;
				LOCALIZATION_PREFERS_STRING_CATALOGS = YES;
				MTL_ENABLE_DEBUG_INFO = NO;
				MTL_FAST_MATH = YES;
				SDKROOT = iphoneos;
				SWIFT_COMPILATION_MODE = wholemodule;
				VALIDATE_PRODUCT = YES;
			};
			name = Release;
		};
		6693BD832D4533A500401A3D /* Debug */ = {
			isa = XCBuildConfiguration;
			buildSettings = {
				ASSETCATALOG_COMPILER_APPICON_NAME = AppIcon;
				ASSETCATALOG_COMPILER_GLOBAL_ACCENT_COLOR_NAME = AccentColor;
				CODE_SIGN_STYLE = Automatic;
				CURRENT_PROJECT_VERSION = 1;
				DEVELOPMENT_ASSET_PATHS = "\"calendar/Preview Content\"";
				ENABLE_PREVIEWS = YES;
				GENERATE_INFOPLIST_FILE = YES;
				INFOPLIST_KEY_UIApplicationSceneManifest_Generation = YES;
				INFOPLIST_KEY_UIApplicationSupportsIndirectInputEvents = YES;
				INFOPLIST_KEY_UILaunchScreen_Generation = YES;
				INFOPLIST_KEY_UISupportedInterfaceOrientations_iPad = "UIInterfaceOrientationPortrait UIInterfaceOrientationPortraitUpsideDown UIInterfaceOrientationLandscapeLeft UIInterfaceOrientationLandscapeRight";
				INFOPLIST_KEY_UISupportedInterfaceOrientations_iPhone = "UIInterfaceOrientationPortrait UIInterfaceOrientationLandscapeLeft UIInterfaceOrientationLandscapeRight";
				LD_RUNPATH_SEARCH_PATHS = (
					"$(inherited)",
					"@executable_path/Frameworks",
				);
				MARKETING_VERSION = 1.0;
				PRODUCT_BUNDLE_IDENTIFIER = dolenko.com.calendar;
				PRODUCT_NAME = "$(TARGET_NAME)";
				SWIFT_EMIT_LOC_STRINGS = YES;
				SWIFT_VERSION = 5.0;
				TARGETED_DEVICE_FAMILY = "1,2";
			};
			name = Debug;
		};
		6693BD842D4533A500401A3D /* Release */ = {
			isa = XCBuildConfiguration;
			buildSettings = {
				ASSETCATALOG_COMPILER_APPICON_NAME = AppIcon;
				ASSETCATALOG_COMPILER_GLOBAL_ACCENT_COLOR_NAME = AccentColor;
				CODE_SIGN_STYLE = Automatic;
				CURRENT_PROJECT_VERSION = 1;
				DEVELOPMENT_ASSET_PATHS = "\"calendar/Preview Content\"";
				ENABLE_PREVIEWS = YES;
				GENERATE_INFOPLIST_FILE = YES;
				INFOPLIST_KEY_UIApplicationSceneManifest_Generation = YES;
				INFOPLIST_KEY_UIApplicationSupportsIndirectInputEvents = YES;
				INFOPLIST_KEY_UILaunchScreen_Generation = YES;
				INFOPLIST_KEY_UISupportedInterfaceOrientations_iPad = "UIInterfaceOrientationPortrait UIInterfaceOrientationPortraitUpsideDown UIInterfaceOrientationLandscapeLeft UIInterfaceOrientationLandscapeRight";
				INFOPLIST_KEY_UISupportedInterfaceOrientations_iPhone = "UIInterfaceOrientationPortrait UIInterfaceOrientationLandscapeLeft UIInterfaceOrientationLandscapeRight";
				LD_RUNPATH_SEARCH_PATHS = (
					"$(inherited)",
					"@executable_path/Frameworks",
				);
				MARKETING_VERSION = 1.0;
				PRODUCT_BUNDLE_IDENTIFIER = dolenko.com.calendar;
				PRODUCT_NAME = "$(TARGET_NAME)";
				SWIFT_EMIT_LOC_STRINGS = YES;
				SWIFT_VERSION = 5.0;
				TARGETED_DEVICE_FAMILY = "1,2";
			};
			name = Release;
		};
		6693BD862D4533A500401A3D /* Debug */ = {
			isa = XCBuildConfiguration;
			buildSettings = {
				BUNDLE_LOADER = "$(TEST_HOST)";
				CODE_SIGN_STYLE = Automatic;
				CURRENT_PROJECT_VERSION = 1;
				GENERATE_INFOPLIST_FILE = YES;
				IPHONEOS_DEPLOYMENT_TARGET = 18.0;
				MARKETING_VERSION = 1.0;
				PRODUCT_BUNDLE_IDENTIFIER = dolenko.com.calendarTests;
				PRODUCT_NAME = "$(TARGET_NAME)";
				SWIFT_EMIT_LOC_STRINGS = NO;
				SWIFT_VERSION = 5.0;
				TARGETED_DEVICE_FAMILY = "1,2";
				TEST_HOST = "$(BUILT_PRODUCTS_DIR)/calendar.app/$(BUNDLE_EXECUTABLE_FOLDER_PATH)/calendar";
			};
			name = Debug;
		};
		6693BD872D4533A500401A3D /* Release */ = {
			isa = XCBuildConfiguration;
			buildSettings = {
				BUNDLE_LOADER = "$(TEST_HOST)";
				CODE_SIGN_STYLE = Automatic;
				CURRENT_PROJECT_VERSION = 1;
				GENERATE_INFOPLIST_FILE = YES;
				IPHONEOS_DEPLOYMENT_TARGET = 18.0;
				MARKETING_VERSION = 1.0;
				PRODUCT_BUNDLE_IDENTIFIER = dolenko.com.calendarTests;
				PRODUCT_NAME = "$(TARGET_NAME)";
				SWIFT_EMIT_LOC_STRINGS = NO;
				SWIFT_VERSION = 5.0;
				TARGETED_DEVICE_FAMILY = "1,2";
				TEST_HOST = "$(BUILT_PRODUCTS_DIR)/calendar.app/$(BUNDLE_EXECUTABLE_FOLDER_PATH)/calendar";
			};
			name = Release;
		};
		6693BD892D4533A500401A3D /* Debug */ = {
			isa = XCBuildConfiguration;
			buildSettings = {
				CODE_SIGN_STYLE = Automatic;
				CURRENT_PROJECT_VERSION = 1;
				GENERATE_INFOPLIST_FILE = YES;
				MARKETING_VERSION = 1.0;
				PRODUCT_BUNDLE_IDENTIFIER = dolenko.com.calendarUITests;
				PRODUCT_NAME = "$(TARGET_NAME)";
				SWIFT_EMIT_LOC_STRINGS = NO;
				SWIFT_VERSION = 5.0;
				TARGETED_DEVICE_FAMILY = "1,2";
				TEST_TARGET_NAME = calendar;
			};
			name = Debug;
		};
		6693BD8A2D4533A500401A3D /* Release */ = {
			isa = XCBuildConfiguration;
			buildSettings = {
				CODE_SIGN_STYLE = Automatic;
				CURRENT_PROJECT_VERSION = 1;
				GENERATE_INFOPLIST_FILE = YES;
				MARKETING_VERSION = 1.0;
				PRODUCT_BUNDLE_IDENTIFIER = dolenko.com.calendarUITests;
				PRODUCT_NAME = "$(TARGET_NAME)";
				SWIFT_EMIT_LOC_STRINGS = NO;
				SWIFT_VERSION = 5.0;
				TARGETED_DEVICE_FAMILY = "1,2";
				TEST_TARGET_NAME = calendar;
			};
			name = Release;
		};
/* End XCBuildConfiguration section */

/* Begin XCConfigurationList section */
		6693BD592D4533A300401A3D /* Build configuration list for PBXProject "calendar" */ = {
			isa = XCConfigurationList;
			buildConfigurations = (
				6693BD802D4533A500401A3D /* Debug */,
				6693BD812D4533A500401A3D /* Release */,
			);
			defaultConfigurationIsVisible = 0;
			defaultConfigurationName = Release;
		};
		6693BD822D4533A500401A3D /* Build configuration list for PBXNativeTarget "calendar" */ = {
			isa = XCConfigurationList;
			buildConfigurations = (
				6693BD832D4533A500401A3D /* Debug */,
				6693BD842D4533A500401A3D /* Release */,
			);
			defaultConfigurationIsVisible = 0;
			defaultConfigurationName = Release;
		};
		6693BD852D4533A500401A3D /* Build configuration list for PBXNativeTarget "calendarTests" */ = {
			isa = XCConfigurationList;
			buildConfigurations = (
				6693BD862D4533A500401A3D /* Debug */,
				6693BD872D4533A500401A3D /* Release */,
			);
			defaultConfigurationIsVisible = 0;
			defaultConfigurationName = Release;
		};
		6693BD882D4533A500401A3D /* Build configuration list for PBXNativeTarget "calendarUITests" */ = {
			isa = XCConfigurationList;
			buildConfigurations = (
				6693BD892D4533A500401A3D /* Debug */,
				6693BD8A2D4533A500401A3D /* Release */,
			);
			defaultConfigurationIsVisible = 0;
			defaultConfigurationName = Release;
		};
/* End XCConfigurationList section */

/* Begin XCSwiftPackageProductDependency section */
		6693BD8D2D45341700401A3D /* CalendarCore */ = {
			isa = XCSwiftPackageProductDependency;
			productName = CalendarCore;
		};
		6693BD8F2D45341700401A3D /* CalendarDomain */ = {
			isa = XCSwiftPackageProductDependency;
			productName = CalendarDomain;
		};
		6693BD912D45341700401A3D /* CalendarNetwork */ = {
			isa = XCSwiftPackageProductDependency;
			productName = CalendarNetwork;
		};
/* End XCSwiftPackageProductDependency section */
	};
	rootObject = 6693BD562D4533A300401A3D /* Project object */;
}
